# This file is autogenerated, do not edit; changes may be undone by the next 'dep ensure'.


[[projects]]
  branch = "master"
  name = "golang.org/x/tools"
  packages = ["blog","blog/atom","godoc/static","playground","present"]
  revision = "e6cb469339aef5b7be0c89de730d5f3cc8e47e50"

[solve-meta]
  analyzer-name = "dep"
  analyzer-version = 1
  inputs-digest = "cc1d62347531360e95b785a326d347073e2775562b5bc57288d5acd6616ec92b"
  solver-name = "gps-cdcl"
  solver-version = 1
